
Microsoft Visual Studio Solution File, Format Version 12.00
# Visual Studio Version 16
VisualStudioVersion = 16.0.30907.101
MinimumVisualStudioVersion = 10.0.40219.1
Project("{9A19103F-16F7-4668-BE54-9A1E7A4F7556}") = "Uppgift3", "Uppgift3\Uppgift3.csproj", "{6C7B0573-140D-4D8C-8949-B54EC577C3FD}"
EndProject
Project("{FAE04EC0-301F-11D3-BF4B-00C04F79EFBC}") = "Uppgift3.Test", "Uppgift3.Test\Uppgift3.Test.csproj", "{06A1BBEA-0289-4AAE-92B9-039A99DFF60B}"
EndProject
Global
	GlobalSection(SolutionConfigurationPlatforms) = preSolution
		Debug|Any CPU = Debug|Any CPU
		Release|Any CPU = Release|Any CPU
	EndGlobalSection
	GlobalSection(ProjectConfigurationPlatforms) = postSolution
		{6C7B0573-140D-4D8C-8949-B54EC577C3FD}.Debug|Any CPU.ActiveCfg = Debug|Any CPU
		{6C7B0573-140D-4D8C-8949-B54EC577C3FD}.Debug|Any CPU.Build.0 = Debug|Any CPU
		{6C7B0573-140D-4D8C-8949-B54EC577C3FD}.Release|Any CPU.ActiveCfg = Release|Any CPU
		{6C7B0573-140D-4D8C-8949-B54EC577C3FD}.Release|Any CPU.Build.0 = Release|Any CPU
		{06A1BBEA-0289-4AAE-92B9-039A99DFF60B}.Debug|Any CPU.ActiveCfg = Debug|Any CPU
		{06A1BBEA-0289-4AAE-92B9-039A99DFF60B}.Debug|Any CPU.Build.0 = Debug|Any CPU
		{06A1BBEA-0289-4AAE-92B9-039A99DFF60B}.Release|Any CPU.ActiveCfg = Release|Any CPU
		{06A1BBEA-0289-4AAE-92B9-039A99DFF60B}.Release|Any CPU.Build.0 = Release|Any CPU
	EndGlobalSection
	GlobalSection(SolutionProperties) = preSolution
		HideSolutionNode = FALSE
	EndGlobalSection
	GlobalSection(ExtensibilityGlobals) = postSolution
		SolutionGuid = {FC5C60C2-3B3C-40CC-B555-E6685260A2A3}
	EndGlobalSection
EndGlobal
